
Microsoft Visual Studio Solution File, Format Version 12.00
# Visual Studio Version 16
VisualStudioVersion = 25.0.1700.0
MinimumVisualStudioVersion = 10.0.40219.1
Project("{2150E333-8FDC-42A3-9474-1A3956D46DE8}") = "CodeFirst", "CodeFirst", "{A9D77311-9F67-4F07-891A-8F2B0E5D0DF0}"
EndProject
Project("{2150E333-8FDC-42A3-9474-1A3956D46DE8}") = "DatabaseFirst", "DatabaseFirst", "{0C8226DB-819E-43A8-9C46-CB4BDDF83674}"
EndProject
Project("{2150E333-8FDC-42A3-9474-1A3956D46DE8}") = "ModelFirst", "ModelFirst", "{67672BCF-A591-4AAB-BF52-3775A17F2701}"
EndProject
Project("{2150E333-8FDC-42A3-9474-1A3956D46DE8}") = "CodeFirst-FluentAPI", "CodeFirst-FluentAPI", "{352C3510-CB37-4B75-806B-79B86472474B}"
EndProject
Project("{2150E333-8FDC-42A3-9474-1A3956D46DE8}") = "MVC", "MVC", "{5EACE14D-A6CF-4E0C-9753-72AA6B078F95}"
EndProject
Project("{2150E333-8FDC-42A3-9474-1A3956D46DE8}") = "Razor", "Razor", "{F4EA787E-9A6B-447A-8920-333627798879}"
EndProject
Project("{2150E333-8FDC-42A3-9474-1A3956D46DE8}") = "MVC", "MVC", "{FAF715EB-9FA2-4602-99D9-F841EEEA8AC5}"
EndProject
Project("{2150E333-8FDC-42A3-9474-1A3956D46DE8}") = "Razor", "Razor", "{6DA2E914-9801-4F41-B349-4A6F1FA7D774}"
EndProject
Project("{2150E333-8FDC-42A3-9474-1A3956D46DE8}") = "MVC", "MVC", "{BC3F85D9-9B67-47FB-8208-3E649F5C0CF7}"
EndProject
Project("{2150E333-8FDC-42A3-9474-1A3956D46DE8}") = "Razor", "Razor", "{37E27BC4-A73F-4760-834A-03489BF9C725}"
EndProject
Project("{2150E333-8FDC-42A3-9474-1A3956D46DE8}") = "MVC", "MVC", "{D0A96BD4-5AC3-4497-85EE-4009E2B2D0BE}"
EndProject
Project("{2150E333-8FDC-42A3-9474-1A3956D46DE8}") = "Razor", "Razor", "{47382599-030C-496B-A873-F14F459007DC}"
EndProject
Project("{2150E333-8FDC-42A3-9474-1A3956D46DE8}") = "Library", "Library", "{4F5F9AF8-3ACD-4DA9-9487-DD126A8AEBA6}"
EndProject
Project("{2150E333-8FDC-42A3-9474-1A3956D46DE8}") = "Scripts", "Scripts", "{242F9DCE-82C9-4ECB-9E49-9535CF8077E9}"
EndProject
Project("{FAE04EC0-301F-11D3-BF4B-00C04F79EFBC}") = "DotNet.EFCore.Sample.Library", "Library\DotNet.EFCore.Sample.Library\DotNet.EFCore.Sample.Library.csproj", "{389F2AFA-218B-4D4F-ACD3-8A41C3F0525D}"
EndProject
Project("{FAE04EC0-301F-11D3-BF4B-00C04F79EFBC}") = "DotNet.EFCore.Sample.DatabaseFirst.App", "DatabaseFirst\MVC\DotNet.EFCore.Sample.DatabaseFirst.App\DotNet.EFCore.Sample.DatabaseFirst.App.csproj", "{ED959844-E86F-482D-9209-197BB3E57363}"
EndProject
Global
	GlobalSection(SolutionConfigurationPlatforms) = preSolution
		Debug|Any CPU = Debug|Any CPU
		Release|Any CPU = Release|Any CPU
	EndGlobalSection
	GlobalSection(ProjectConfigurationPlatforms) = postSolution
		{389F2AFA-218B-4D4F-ACD3-8A41C3F0525D}.Debug|Any CPU.ActiveCfg = Debug|Any CPU
		{389F2AFA-218B-4D4F-ACD3-8A41C3F0525D}.Debug|Any CPU.Build.0 = Debug|Any CPU
		{389F2AFA-218B-4D4F-ACD3-8A41C3F0525D}.Release|Any CPU.ActiveCfg = Release|Any CPU
		{389F2AFA-218B-4D4F-ACD3-8A41C3F0525D}.Release|Any CPU.Build.0 = Release|Any CPU
		{ED959844-E86F-482D-9209-197BB3E57363}.Debug|Any CPU.ActiveCfg = Debug|Any CPU
		{ED959844-E86F-482D-9209-197BB3E57363}.Debug|Any CPU.Build.0 = Debug|Any CPU
		{ED959844-E86F-482D-9209-197BB3E57363}.Release|Any CPU.ActiveCfg = Release|Any CPU
		{ED959844-E86F-482D-9209-197BB3E57363}.Release|Any CPU.Build.0 = Release|Any CPU
	EndGlobalSection
	GlobalSection(SolutionProperties) = preSolution
		HideSolutionNode = FALSE
	EndGlobalSection
	GlobalSection(ExtensibilityGlobals) = postSolution
		SolutionGuid = {9FE4C0A9-B2F1-4517-975B-F2BE05AACF89}
	EndGlobalSection
	GlobalSection(NestedProjects) = preSolution
		{5EACE14D-A6CF-4E0C-9753-72AA6B078F95} = {A9D77311-9F67-4F07-891A-8F2B0E5D0DF0}
		{F4EA787E-9A6B-447A-8920-333627798879} = {A9D77311-9F67-4F07-891A-8F2B0E5D0DF0}
		{FAF715EB-9FA2-4602-99D9-F841EEEA8AC5} = {352C3510-CB37-4B75-806B-79B86472474B}
		{6DA2E914-9801-4F41-B349-4A6F1FA7D774} = {352C3510-CB37-4B75-806B-79B86472474B}
		{BC3F85D9-9B67-47FB-8208-3E649F5C0CF7} = {0C8226DB-819E-43A8-9C46-CB4BDDF83674}
		{37E27BC4-A73F-4760-834A-03489BF9C725} = {0C8226DB-819E-43A8-9C46-CB4BDDF83674}
		{D0A96BD4-5AC3-4497-85EE-4009E2B2D0BE} = {67672BCF-A591-4AAB-BF52-3775A17F2701}
		{47382599-030C-496B-A873-F14F459007DC} = {67672BCF-A591-4AAB-BF52-3775A17F2701}
		{389F2AFA-218B-4D4F-ACD3-8A41C3F0525D} = {4F5F9AF8-3ACD-4DA9-9487-DD126A8AEBA6}
		{ED959844-E86F-482D-9209-197BB3E57363} = {BC3F85D9-9B67-47FB-8208-3E649F5C0CF7}
	EndGlobalSection
EndGlobal
